{
  "version": 4,
  "terraform_version": "1.7.5",
  "serial": 51,
  "lineage": "6d207802-dff3-e11c-c074-609ae32db6fd",
  "outputs": {},
  "resources": [
    {
      "mode": "managed",
      "type": "docker_image",
      "name": "myjenkins-blueocean",
      "provider": "provider[\"registry.terraform.io/kreuzwerker/docker\"]",
      "instances": [
        {
          "schema_version": 0,
          "attributes": {
            "build": [],
            "force_remove": null,
            "id": "sha256:2be35b068046a897998fa6da9cc4273bfb32adfa0726ab7167fbe85b2851f143myjenkins-blueocean",
            "image_id": "sha256:2be35b068046a897998fa6da9cc4273bfb32adfa0726ab7167fbe85b2851f143",
            "keep_locally": false,
            "name": "myjenkins-blueocean",
            "platform": null,
            "pull_triggers": null,
            "repo_digest": "",
            "triggers": null
          },
          "sensitive_attributes": [],
          "private": "bnVsbA=="
        }
      ]
    }
  ],
  "check_results": null
}
